
Microsoft Visual Studio Solution File, Format Version 12.00
# Visual Studio Version 17
VisualStudioVersion = 17.7.34031.279
MinimumVisualStudioVersion = 10.0.40219.1
Project("{FAE04EC0-301F-11D3-BF4B-00C04F79EFBC}") = "weblog_analysis", "weblog_analysis\weblog_analysis.csproj", "{BB78DCBF-C81E-4D97-B465-7B188335E7DA}"
EndProject
Global
	GlobalSection(SolutionConfigurationPlatforms) = preSolution
		Debug|Any CPU = Debug|Any CPU
		Release|Any CPU = Release|Any CPU
	EndGlobalSection
	GlobalSection(ProjectConfigurationPlatforms) = postSolution
		{BB78DCBF-C81E-4D97-B465-7B188335E7DA}.Debug|Any CPU.ActiveCfg = Debug|Any CPU
		{BB78DCBF-C81E-4D97-B465-7B188335E7DA}.Debug|Any CPU.Build.0 = Debug|Any CPU
		{BB78DCBF-C81E-4D97-B465-7B188335E7DA}.Release|Any CPU.ActiveCfg = Release|Any CPU
		{BB78DCBF-C81E-4D97-B465-7B188335E7DA}.Release|Any CPU.Build.0 = Release|Any CPU
	EndGlobalSection
	GlobalSection(SolutionProperties) = preSolution
		HideSolutionNode = FALSE
	EndGlobalSection
	GlobalSection(ExtensibilityGlobals) = postSolution
		SolutionGuid = {5D796C4B-39EE-4F78-AD79-37C1BFBE1A5B}
	EndGlobalSection
EndGlobal
